
Microsoft Visual Studio Solution File, Format Version 12.00
# Visual Studio Version 17
VisualStudioVersion = 17.7.34018.315
MinimumVisualStudioVersion = 10.0.40219.1
Project("{FAE04EC0-301F-11D3-BF4B-00C04F79EFBC}") = "U3W1D4_Login", "U3W1D4_Login\U3W1D4_Login.csproj", "{6EB36597-84BC-4D71-99ED-76FF9FEA035C}"
EndProject
Global
	GlobalSection(SolutionConfigurationPlatforms) = preSolution
		Debug|Any CPU = Debug|Any CPU
		Release|Any CPU = Release|Any CPU
	EndGlobalSection
	GlobalSection(ProjectConfigurationPlatforms) = postSolution
		{6EB36597-84BC-4D71-99ED-76FF9FEA035C}.Debug|Any CPU.ActiveCfg = Debug|Any CPU
		{6EB36597-84BC-4D71-99ED-76FF9FEA035C}.Debug|Any CPU.Build.0 = Debug|Any CPU
		{6EB36597-84BC-4D71-99ED-76FF9FEA035C}.Release|Any CPU.ActiveCfg = Release|Any CPU
		{6EB36597-84BC-4D71-99ED-76FF9FEA035C}.Release|Any CPU.Build.0 = Release|Any CPU
	EndGlobalSection
	GlobalSection(SolutionProperties) = preSolution
		HideSolutionNode = FALSE
	EndGlobalSection
	GlobalSection(ExtensibilityGlobals) = postSolution
		SolutionGuid = {15ABE747-59EC-4678-8C5D-DFECF90DDB8B}
	EndGlobalSection
EndGlobal
